
Microsoft Visual Studio Solution File, Format Version 12.00
# Visual Studio Version 17
VisualStudioVersion = 17.11.35219.272
MinimumVisualStudioVersion = 10.0.40219.1
Project("{FAE04EC0-301F-11D3-BF4B-00C04F79EFBC}") = "test thing", "test thing.csproj", "{B3EA1B98-61EC-403D-ADE8-C24A4CC02ADC}"
EndProject
Global
	GlobalSection(SolutionConfigurationPlatforms) = preSolution
		Debug|Any CPU = Debug|Any CPU
		Release|Any CPU = Release|Any CPU
	EndGlobalSection
	GlobalSection(ProjectConfigurationPlatforms) = postSolution
		{B3EA1B98-61EC-403D-ADE8-C24A4CC02ADC}.Debug|Any CPU.ActiveCfg = Debug|Any CPU
		{B3EA1B98-61EC-403D-ADE8-C24A4CC02ADC}.Debug|Any CPU.Build.0 = Debug|Any CPU
		{B3EA1B98-61EC-403D-ADE8-C24A4CC02ADC}.Release|Any CPU.ActiveCfg = Release|Any CPU
		{B3EA1B98-61EC-403D-ADE8-C24A4CC02ADC}.Release|Any CPU.Build.0 = Release|Any CPU
	EndGlobalSection
	GlobalSection(SolutionProperties) = preSolution
		HideSolutionNode = FALSE
	EndGlobalSection
	GlobalSection(ExtensibilityGlobals) = postSolution
		SolutionGuid = {FCC01309-7F23-41D6-8907-779DA53784D5}
	EndGlobalSection
EndGlobal
